
Microsoft Visual Studio Solution File, Format Version 12.00
# Visual Studio Version 17
VisualStudioVersion = 17.9.34728.123
MinimumVisualStudioVersion = 10.0.40219.1
Project("{9A19103F-16F7-4668-BE54-9A1E7A4F7556}") = "EJERCICIO5", "EJERCICIO5.csproj", "{F78C7F16-E1A9-4ACC-9DF6-5E9218767DD1}"
EndProject
Global
	GlobalSection(SolutionConfigurationPlatforms) = preSolution
		Debug|Any CPU = Debug|Any CPU
		Release|Any CPU = Release|Any CPU
	EndGlobalSection
	GlobalSection(ProjectConfigurationPlatforms) = postSolution
		{F78C7F16-E1A9-4ACC-9DF6-5E9218767DD1}.Debug|Any CPU.ActiveCfg = Debug|Any CPU
		{F78C7F16-E1A9-4ACC-9DF6-5E9218767DD1}.Debug|Any CPU.Build.0 = Debug|Any CPU
		{F78C7F16-E1A9-4ACC-9DF6-5E9218767DD1}.Release|Any CPU.ActiveCfg = Release|Any CPU
		{F78C7F16-E1A9-4ACC-9DF6-5E9218767DD1}.Release|Any CPU.Build.0 = Release|Any CPU
	EndGlobalSection
	GlobalSection(SolutionProperties) = preSolution
		HideSolutionNode = FALSE
	EndGlobalSection
	GlobalSection(ExtensibilityGlobals) = postSolution
		SolutionGuid = {42641A2A-E5A3-478D-9F17-73A75C9C7AA3}
	EndGlobalSection
EndGlobal
